
Microsoft Visual Studio Solution File, Format Version 12.00
# Visual Studio Version 17
VisualStudioVersion = 17.13.35825.156 d17.13
MinimumVisualStudioVersion = 10.0.40219.1
Project("{FAE04EC0-301F-11D3-BF4B-00C04F79EFBC}") = "Builder", "Builder.csproj", "{828355E1-368E-425F-AE23-C56DA4D6FC12}"
EndProject
Global
	GlobalSection(SolutionConfigurationPlatforms) = preSolution
		Debug|Any CPU = Debug|Any CPU
		Release|Any CPU = Release|Any CPU
	EndGlobalSection
	GlobalSection(ProjectConfigurationPlatforms) = postSolution
		{828355E1-368E-425F-AE23-C56DA4D6FC12}.Debug|Any CPU.ActiveCfg = Debug|Any CPU
		{828355E1-368E-425F-AE23-C56DA4D6FC12}.Debug|Any CPU.Build.0 = Debug|Any CPU
		{828355E1-368E-425F-AE23-C56DA4D6FC12}.Release|Any CPU.ActiveCfg = Release|Any CPU
		{828355E1-368E-425F-AE23-C56DA4D6FC12}.Release|Any CPU.Build.0 = Release|Any CPU
	EndGlobalSection
	GlobalSection(SolutionProperties) = preSolution
		HideSolutionNode = FALSE
	EndGlobalSection
	GlobalSection(ExtensibilityGlobals) = postSolution
		SolutionGuid = {E849052B-1309-46A1-AC6A-0B633B0FC2CA}
	EndGlobalSection
EndGlobal
