
Microsoft Visual Studio Solution File, Format Version 12.00
# Visual Studio Version 17
VisualStudioVersion = 17.13.35825.156 d17.13
MinimumVisualStudioVersion = 10.0.40219.1
Project("{FAE04EC0-301F-11D3-BF4B-00C04F79EFBC}") = "AbstractFactory", "AbstractFactory.csproj", "{907CC3B4-C8B6-4D58-879C-CC78BECCE687}"
EndProject
Global
	GlobalSection(SolutionConfigurationPlatforms) = preSolution
		Debug|Any CPU = Debug|Any CPU
		Release|Any CPU = Release|Any CPU
	EndGlobalSection
	GlobalSection(ProjectConfigurationPlatforms) = postSolution
		{907CC3B4-C8B6-4D58-879C-CC78BECCE687}.Debug|Any CPU.ActiveCfg = Debug|Any CPU
		{907CC3B4-C8B6-4D58-879C-CC78BECCE687}.Debug|Any CPU.Build.0 = Debug|Any CPU
		{907CC3B4-C8B6-4D58-879C-CC78BECCE687}.Release|Any CPU.ActiveCfg = Release|Any CPU
		{907CC3B4-C8B6-4D58-879C-CC78BECCE687}.Release|Any CPU.Build.0 = Release|Any CPU
	EndGlobalSection
	GlobalSection(SolutionProperties) = preSolution
		HideSolutionNode = FALSE
	EndGlobalSection
	GlobalSection(ExtensibilityGlobals) = postSolution
		SolutionGuid = {ECAE7A5C-5927-4328-BCE3-982B535A1825}
	EndGlobalSection
EndGlobal
