
Microsoft Visual Studio Solution File, Format Version 12.00
# Visual Studio Version 17
VisualStudioVersion = 17.13.35825.156 d17.13
MinimumVisualStudioVersion = 10.0.40219.1
Project("{FAE04EC0-301F-11D3-BF4B-00C04F79EFBC}") = "Memento", "Memento.csproj", "{BEB4EA4F-B51A-4FC2-B828-7204E6046DB8}"
EndProject
Global
	GlobalSection(SolutionConfigurationPlatforms) = preSolution
		Debug|Any CPU = Debug|Any CPU
		Release|Any CPU = Release|Any CPU
	EndGlobalSection
	GlobalSection(ProjectConfigurationPlatforms) = postSolution
		{BEB4EA4F-B51A-4FC2-B828-7204E6046DB8}.Debug|Any CPU.ActiveCfg = Debug|Any CPU
		{BEB4EA4F-B51A-4FC2-B828-7204E6046DB8}.Debug|Any CPU.Build.0 = Debug|Any CPU
		{BEB4EA4F-B51A-4FC2-B828-7204E6046DB8}.Release|Any CPU.ActiveCfg = Release|Any CPU
		{BEB4EA4F-B51A-4FC2-B828-7204E6046DB8}.Release|Any CPU.Build.0 = Release|Any CPU
	EndGlobalSection
	GlobalSection(SolutionProperties) = preSolution
		HideSolutionNode = FALSE
	EndGlobalSection
	GlobalSection(ExtensibilityGlobals) = postSolution
		SolutionGuid = {45429591-F0B1-48DB-80A0-15BFD62664E8}
	EndGlobalSection
EndGlobal
