
Microsoft Visual Studio Solution File, Format Version 12.00
# Visual Studio Version 17
VisualStudioVersion = 17.13.35825.156 d17.13
MinimumVisualStudioVersion = 10.0.40219.1
Project("{FAE04EC0-301F-11D3-BF4B-00C04F79EFBC}") = "Strategy", "Strategy.csproj", "{DB6BC619-FCD2-4EE6-B12B-2D8643F40ED3}"
EndProject
Global
	GlobalSection(SolutionConfigurationPlatforms) = preSolution
		Debug|Any CPU = Debug|Any CPU
		Release|Any CPU = Release|Any CPU
	EndGlobalSection
	GlobalSection(ProjectConfigurationPlatforms) = postSolution
		{DB6BC619-FCD2-4EE6-B12B-2D8643F40ED3}.Debug|Any CPU.ActiveCfg = Debug|Any CPU
		{DB6BC619-FCD2-4EE6-B12B-2D8643F40ED3}.Debug|Any CPU.Build.0 = Debug|Any CPU
		{DB6BC619-FCD2-4EE6-B12B-2D8643F40ED3}.Release|Any CPU.ActiveCfg = Release|Any CPU
		{DB6BC619-FCD2-4EE6-B12B-2D8643F40ED3}.Release|Any CPU.Build.0 = Release|Any CPU
	EndGlobalSection
	GlobalSection(SolutionProperties) = preSolution
		HideSolutionNode = FALSE
	EndGlobalSection
	GlobalSection(ExtensibilityGlobals) = postSolution
		SolutionGuid = {9E36E1DD-37F8-42CF-ACC6-089526D1F0F4}
	EndGlobalSection
EndGlobal
