
Microsoft Visual Studio Solution File, Format Version 12.00
# Visual Studio Version 17
VisualStudioVersion = 17.13.35825.156 d17.13
MinimumVisualStudioVersion = 10.0.40219.1
Project("{FAE04EC0-301F-11D3-BF4B-00C04F79EFBC}") = "Adapter", "Adapter.csproj", "{90A48855-82AA-43DC-8772-B71E734C1100}"
EndProject
Global
	GlobalSection(SolutionConfigurationPlatforms) = preSolution
		Debug|Any CPU = Debug|Any CPU
		Release|Any CPU = Release|Any CPU
	EndGlobalSection
	GlobalSection(ProjectConfigurationPlatforms) = postSolution
		{90A48855-82AA-43DC-8772-B71E734C1100}.Debug|Any CPU.ActiveCfg = Debug|Any CPU
		{90A48855-82AA-43DC-8772-B71E734C1100}.Debug|Any CPU.Build.0 = Debug|Any CPU
		{90A48855-82AA-43DC-8772-B71E734C1100}.Release|Any CPU.ActiveCfg = Release|Any CPU
		{90A48855-82AA-43DC-8772-B71E734C1100}.Release|Any CPU.Build.0 = Release|Any CPU
	EndGlobalSection
	GlobalSection(SolutionProperties) = preSolution
		HideSolutionNode = FALSE
	EndGlobalSection
	GlobalSection(ExtensibilityGlobals) = postSolution
		SolutionGuid = {85B804B3-11BC-492F-90E7-6F35FF8D20B5}
	EndGlobalSection
EndGlobal
